# THIS IS AN AUTOGENERATED FILE. DO NOT EDIT THIS FILE DIRECTLY.
# yarn lockfile v1


chartjs-plugin-colorschemes@^0.4.0:
  version "0.4.0"
  resolved "https://registry.yarnpkg.com/chartjs-plugin-colorschemes/-/chartjs-plugin-colorschemes-0.4.0.tgz#7a310c32411ef0b5135df1f47da4d379e22220f7"
  integrity sha512-GUAulGFa6igdhi/xF9XopLJknwtXZT0wwEB+e/D4SJcRGY1HdwzX84pVn5BSpnk1idF6RJxZoA7w396R7BOE9A==
